
Microsoft Visual Studio Solution File, Format Version 12.00
# Visual Studio 2012
Project("{FAE04EC0-301F-11D3-BF4B-00C04F79EFBC}") = "WebProject", "WebProject\WebProject.csproj", "{50822469-9436-44F4-BB07-CD9062CDE50C}"
EndProject
Project("{FAE04EC0-301F-11D3-BF4B-00C04F79EFBC}") = "ViewModels", "..\ViewModels\ViewModels.csproj", "{C1B275C5-F0F4-42D1-850C-E9A0584F6055}"
EndProject
Project("{FAE04EC0-301F-11D3-BF4B-00C04F79EFBC}") = "Utils", "Utils\Utils.csproj", "{2B8C9249-038C-464E-8E6F-F92C6C37A5FF}"
EndProject
Project("{FAE04EC0-301F-11D3-BF4B-00C04F79EFBC}") = "DataAccessAbstraction", "DataAccessAbstraction\DataAccessAbstraction.csproj", "{B9F7A353-43A4-43B2-984F-D2E1B25EF74C}"
EndProject
Project("{FAE04EC0-301F-11D3-BF4B-00C04F79EFBC}") = "DataAccess", "DataAccess\DataAccess.csproj", "{85FF5D44-FEC3-488A-AE65-1C2E66672A66}"
EndProject
Global
	GlobalSection(SolutionConfigurationPlatforms) = preSolution
		Debug|Any CPU = Debug|Any CPU
		Release|Any CPU = Release|Any CPU
	EndGlobalSection
	GlobalSection(ProjectConfigurationPlatforms) = postSolution
		{50822469-9436-44F4-BB07-CD9062CDE50C}.Debug|Any CPU.ActiveCfg = Debug|Any CPU
		{50822469-9436-44F4-BB07-CD9062CDE50C}.Debug|Any CPU.Build.0 = Debug|Any CPU
		{50822469-9436-44F4-BB07-CD9062CDE50C}.Release|Any CPU.ActiveCfg = Release|Any CPU
		{50822469-9436-44F4-BB07-CD9062CDE50C}.Release|Any CPU.Build.0 = Release|Any CPU
		{C1B275C5-F0F4-42D1-850C-E9A0584F6055}.Debug|Any CPU.ActiveCfg = Debug|Any CPU
		{C1B275C5-F0F4-42D1-850C-E9A0584F6055}.Debug|Any CPU.Build.0 = Debug|Any CPU
		{C1B275C5-F0F4-42D1-850C-E9A0584F6055}.Release|Any CPU.ActiveCfg = Release|Any CPU
		{C1B275C5-F0F4-42D1-850C-E9A0584F6055}.Release|Any CPU.Build.0 = Release|Any CPU
		{2B8C9249-038C-464E-8E6F-F92C6C37A5FF}.Debug|Any CPU.ActiveCfg = Debug|Any CPU
		{2B8C9249-038C-464E-8E6F-F92C6C37A5FF}.Debug|Any CPU.Build.0 = Debug|Any CPU
		{2B8C9249-038C-464E-8E6F-F92C6C37A5FF}.Release|Any CPU.ActiveCfg = Release|Any CPU
		{2B8C9249-038C-464E-8E6F-F92C6C37A5FF}.Release|Any CPU.Build.0 = Release|Any CPU
		{B9F7A353-43A4-43B2-984F-D2E1B25EF74C}.Debug|Any CPU.ActiveCfg = Debug|Any CPU
		{B9F7A353-43A4-43B2-984F-D2E1B25EF74C}.Debug|Any CPU.Build.0 = Debug|Any CPU
		{B9F7A353-43A4-43B2-984F-D2E1B25EF74C}.Release|Any CPU.ActiveCfg = Release|Any CPU
		{B9F7A353-43A4-43B2-984F-D2E1B25EF74C}.Release|Any CPU.Build.0 = Release|Any CPU
		{85FF5D44-FEC3-488A-AE65-1C2E66672A66}.Debug|Any CPU.ActiveCfg = Debug|Any CPU
		{85FF5D44-FEC3-488A-AE65-1C2E66672A66}.Debug|Any CPU.Build.0 = Debug|Any CPU
		{85FF5D44-FEC3-488A-AE65-1C2E66672A66}.Release|Any CPU.ActiveCfg = Release|Any CPU
		{85FF5D44-FEC3-488A-AE65-1C2E66672A66}.Release|Any CPU.Build.0 = Release|Any CPU
	EndGlobalSection
	GlobalSection(SolutionProperties) = preSolution
		HideSolutionNode = FALSE
	EndGlobalSection
EndGlobal
